
Microsoft Visual Studio Solution File, Format Version 12.00
# Visual Studio Version 16
VisualStudioVersion = 16.0.31321.278
MinimumVisualStudioVersion = 10.0.40219.1
Project("{9A19103F-16F7-4668-BE54-9A1E7A4F7556}") = "RPGTileMapCreator", "RPGTileMapCreator\RPGTileMapCreator.csproj", "{FF9479CF-DAC8-46B2-BE69-73AB27628338}"
EndProject
Project("{54435603-DBB4-11D2-8724-00A0C9A8B90C}") = "Setup RPG", "Setup RPG\Setup RPG.vdproj", "{DB1487B3-5041-4C10-9A59-2DD9A9D14F2B}"
EndProject
Global
	GlobalSection(SolutionConfigurationPlatforms) = preSolution
		Debug|Any CPU = Debug|Any CPU
		Release|Any CPU = Release|Any CPU
	EndGlobalSection
	GlobalSection(ProjectConfigurationPlatforms) = postSolution
		{FF9479CF-DAC8-46B2-BE69-73AB27628338}.Debug|Any CPU.ActiveCfg = Debug|Any CPU
		{FF9479CF-DAC8-46B2-BE69-73AB27628338}.Debug|Any CPU.Build.0 = Debug|Any CPU
		{FF9479CF-DAC8-46B2-BE69-73AB27628338}.Release|Any CPU.ActiveCfg = Release|Any CPU
		{FF9479CF-DAC8-46B2-BE69-73AB27628338}.Release|Any CPU.Build.0 = Release|Any CPU
		{DB1487B3-5041-4C10-9A59-2DD9A9D14F2B}.Debug|Any CPU.ActiveCfg = Debug
		{DB1487B3-5041-4C10-9A59-2DD9A9D14F2B}.Release|Any CPU.ActiveCfg = Release
	EndGlobalSection
	GlobalSection(SolutionProperties) = preSolution
		HideSolutionNode = FALSE
	EndGlobalSection
	GlobalSection(ExtensibilityGlobals) = postSolution
		SolutionGuid = {17EF5F96-73D7-4CE8-BB29-31E8D8E5812F}
	EndGlobalSection
EndGlobal
